{
  "name": "application",
  "lockfileVersion": 3,
  "requires": true,
  "packages": {
    "": {
      "dependencies": {
        "tauri-plugin-scoped-storage-api": "^1.5.0"
      }
    },
    "node_modules/@tauri-apps/api": {
      "version": "2.11.1",
      "resolved": "https://registry.npmmirror.com/@tauri-apps/api/-/api-2.11.1.tgz",
      "integrity": "sha512-M2FPuYND2m+wh5hfW9ZpSdxMPdEJovPBWwoHJmwUpysTYNHaOkVFN419m/K0LIgjb/7KU2vBgsUepJWugQCvAA==",
      "license": "Apache-2.0 OR MIT",
      "funding": {
        "type": "opencollective",
        "url": "https://opencollective.com/tauri"
      }
    },
    "node_modules/tauri-plugin-scoped-storage-api": {
      "version": "1.5.0",
      "resolved": "https://registry.npmmirror.com/tauri-plugin-scoped-storage-api/-/tauri-plugin-scoped-storage-api-1.5.0.tgz",
      "integrity": "sha512-I8/1+IWpP5L6bPaWIq2RWbPJiZ68AYbYGFC0aHc8zuhDcSz15dEBJJZ8bYsSgZnYj+M7FW2HtLJ2mmj+T/iOJQ==",
      "license": "MIT",
      "dependencies": {
        "@tauri-apps/api": "^2.0.0"
      }
    }
  }
}
